{
    "requires": true,
    "lockfileVersion": 1,
    "dependencies": {
        "axios": {
            "version": "0.21.2",
            "resolved": "https://registry.npmjs.org/axios/-/axios-0.21.2.tgz",
            "integrity": "sha512-87otirqUw3e8CzHTMO+/9kh/FSgXt/eVDvipijwDtEuwbkySWZ9SBm6VEubmJ/kLKEoLQV/POhxXFb66bfekfg==",
            "dev": true,
            "requires": {
                "follow-redirects": "^1.14.0"
            }
        },
        "bootstrap": {
            "version": "4.5.0",
            "resolved": "https://registry.npmjs.org/bootstrap/-/bootstrap-4.5.0.tgz",
            "integrity": "sha512-Z93QoXvodoVslA+PWNdk23Hze4RBYIkpb5h8I2HY2Tu2h7A0LpAgLcyrhrSUyo2/Oxm2l1fRZPs1e5hnxnliXA==",
            "dev": true
        },
        "cross-env": {
            "version": "7.0.2",
            "resolved": "https://registry.npmjs.org/cross-env/-/cross-env-7.0.2.tgz",
            "integrity": "sha512-KZP/bMEOJEDCkDQAyRhu3RL2ZO/SUVrxQVI0G3YEQ+OLbRA3c6zgixe8Mq8a/z7+HKlNEjo8oiLUs8iRijY2Rw==",
            "dev": true
        },
        "follow-redirects": {
            "version": "1.14.6",
            "resolved": "https://registry.npmjs.org/follow-redirects/-/follow-redirects-1.14.6.tgz",
            "integrity": "sha512-fhUl5EwSJbbl8AR+uYL2KQDxLkdSjZGR36xy46AO7cOMTrCMON6Sa28FmAnC2tRTDbd/Uuzz3aJBv7EBN7JH8A==",
            "dev": true
        },
        "jquery": {
            "version": "3.5.1",
            "resolved": "https://registry.npmjs.org/jquery/-/jquery-3.5.1.tgz",
            "integrity": "sha512-XwIBPqcMn57FxfT+Go5pzySnm4KWkT1Tv7gjrpT1srtf8Weynl6R273VJ5GjkRb51IzMp5nbaPjJXMWeju2MKg==",
            "dev": true
        },
        "laravel-mix": {
            "version": "5.0.4",
            "resolved": "https://registry.npmjs.org/laravel-mix/-/laravel-mix-5.0.4.tgz",
            "integrity": "sha512-/fkcMdlxhGDBcH+kFDqKONlAfhJinMAWd+fjQ+VLii4UzIeXUF5Q8FbS4+ZrZs9JO3Y1E4KoNq3hMw0t/soahA==",
            "dev": true
        },
        "lodash": {
            "version": "4.17.21",
            "resolved": "https://registry.npmjs.org/lodash/-/lodash-4.17.21.tgz",
            "integrity": "sha512-v2kDEe57lecTulaDIuNTPy3Ry4gLGJ6Z1O3vE1krgXZNrsQ+LFTGHVxVjcXPs17LhbZVGedAJv8XZ1tvj5FvSg==",
            "dev": true
        },
        "popper.js": {
            "version": "1.16.1",
            "resolved": "https://registry.npmjs.org/popper.js/-/popper.js-1.16.1.tgz",
            "integrity": "sha512-Wb4p1J4zyFTbM+u6WuO4XstYx4Ky9Cewe4DWrel7B0w6VVICvPwdOpotjzcf6eD8TsckVnIMNONQyPIUFOUbCQ==",
            "dev": true
        },
        "resolve-url-loader": {
            "version": "3.1.1",
            "resolved": "https://registry.npmjs.org/resolve-url-loader/-/resolve-url-loader-3.1.1.tgz",
            "integrity": "sha512-K1N5xUjj7v0l2j/3Sgs5b8CjrrgtC70SmdCuZiJ8tSyb5J+uk3FoeZ4b7yTnH6j7ngI+Bc5bldHJIa8hYdu2gQ==",
            "dev": true,
            "dependencies": {
                "emojis-list": {
                    "version": "2.1.0",
                    "resolved": "https://registry.npmjs.org/emojis-list/-/emojis-list-2.1.0.tgz",
                    "integrity": "sha1-TapNnbAPmBmIDHn6RXrlsJof04k="
                },
                "json5": {
                    "version": "1.0.1",
                    "resolved": "https://registry.npmjs.org/json5/-/json5-1.0.1.tgz",
                    "integrity": "sha512-aKS4WQjPenRxiQsC93MNfjx+nbF4PAdYzmd/1JIj8HYzqfbu86beTuNgXDzPknWk0n0uARlyewZo4s++ES36Ow=="
                },
                "loader-utils": {
                    "version": "1.2.3",
                    "resolved": "https://registry.npmjs.org/loader-utils/-/loader-utils-1.2.3.tgz",
                    "integrity": "sha512-fkpz8ejdnEMG3s37wGL07iSBDg99O9D5yflE9RGNH3hRdx9SOwYfnGYdZOUIZitN8E+E2vkq3MUMYMvPYl5ZZA=="
                },
                "postcss": {
                    "version": "7.0.21",
                    "resolved": "https://registry.npmjs.org/postcss/-/postcss-7.0.21.tgz",
                    "integrity": "sha512-uIFtJElxJo29QC753JzhidoAhvp/e/Exezkdhfmt8AymWT6/5B7W1WmponYWkHk2eg6sONyTch0A3nkMPun3SQ=="
                },
                "source-map": {
                    "version": "0.6.1",
                    "resolved": "https://registry.npmjs.org/source-map/-/source-map-0.6.1.tgz",
                    "integrity": "sha512-UjgapumWlbMhkBgzT7Ykc5YXUT46F0iKu8SGXq0bcwP5dz/h0Plj6enJqjz1Zbq2l5WaqYnrVbwWOWMyF3F47g=="
                },
                "supports-color": {
                    "version": "6.1.0",
                    "resolved": "https://registry.npmjs.org/supports-color/-/supports-color-6.1.0.tgz",
                    "integrity": "sha512-qe1jfm1Mg7Nq/NSh6XE24gPXROEVsWHxC1LIx//XNlD9iw7YZQGjZNjYN7xGaEG6iKdA8EtNFW6R0gjnVXp+wQ=="
                }
            }
        },
        "sass": {
            "version": "1.26.5",
            "resolved": "https://registry.npmjs.org/sass/-/sass-1.26.5.tgz",
            "integrity": "sha512-FG2swzaZUiX53YzZSjSakzvGtlds0lcbF+URuU9mxOv7WBh7NhXEVDa4kPKN4hN6fC2TkOTOKqiqp6d53N9X5Q==",
            "dev": true
        },
        "sass-loader": {
            "version": "8.0.2",
            "resolved": "https://registry.npmjs.org/sass-loader/-/sass-loader-8.0.2.tgz",
            "integrity": "sha512-7o4dbSK8/Ol2KflEmSco4jTjQoV988bM82P9CZdmo9hR3RLnvNc0ufMNdMrB0caq38JQ/FgF4/7RcbcfKzxoFQ==",
            "dev": true,
            "dependencies": {
                "semver": {
                    "version": "6.3.0",
                    "resolved": "https://registry.npmjs.org/semver/-/semver-6.3.0.tgz",
                    "integrity": "sha512-b39TBaTSfV6yBrapU89p5fKekE2m/NwnDocOVruQFS1/veMgdzuPcnOM34M6CwxW8jH/lxEa5rBoDeUwu5HHTw=="
                }
            }
        },
        "vue-template-compiler": {
            "version": "2.6.11",
            "resolved": "https://registry.npmjs.org/vue-template-compiler/-/vue-template-compiler-2.6.11.tgz",
            "integrity": "sha512-KIq15bvQDrcCjpGjrAhx4mUlyyHfdmTaoNfeoATHLAiWB+MU3cx4lOzMwrnUh9cCxy0Lt1T11hAFY6TQgroUAA==",
            "dev": true
        }
    }
}
